// !$*UTF8*$!
{
	archiveVersion = 1;
	classes = {
	};
	objectVersion = 55;
	objects = {

/* Begin PBXBuildFile section */
		813966F0A9387437EEBBF443 /* Pods_Groupwarecopy2.framework in Frameworks */ = {isa = PBXBuildFile; fileRef = AD7FF5AA6414F1501B4F3AC2 /* Pods_Groupwarecopy2.framework */; };
		B3391C8E29E7B22500A6735B /* AppDelegate.swift in Sources */ = {isa = PBXBuildFile; fileRef = B3391C8D29E7B22500A6735B /* AppDelegate.swift */; };
		B3391C9029E7B22500A6735B /* SceneDelegate.swift in Sources */ = {isa = PBXBuildFile; fileRef = B3391C8F29E7B22500A6735B /* SceneDelegate.swift */; };
		B3391C9229E7B22500A6735B /* ViewController.swift in Sources */ = {isa = PBXBuildFile; fileRef = B3391C9129E7B22500A6735B /* ViewController.swift */; };
		B3391C9529E7B22500A6735B /* Main.storyboard in Resources */ = {isa = PBXBuildFile; fileRef = B3391C9329E7B22500A6735B /* Main.storyboard */; };
		B3391C9729E7B22700A6735B /* Assets.xcassets in Resources */ = {isa = PBXBuildFile; fileRef = B3391C9629E7B22700A6735B /* Assets.xcassets */; };
		B3391C9A29E7B22700A6735B /* LaunchScreen.storyboard in Resources */ = {isa = PBXBuildFile; fileRef = B3391C9829E7B22700A6735B /* LaunchScreen.storyboard */; };
		B3391CA529E7B23D00A6735B /* ScheduleData.swift in Sources */ = {isa = PBXBuildFile; fileRef = B3391CA229E7B23D00A6735B /* ScheduleData.swift */; };
		B3391CA629E7B23D00A6735B /* Schedule.swift in Sources */ = {isa = PBXBuildFile; fileRef = B3391CA329E7B23D00A6735B /* Schedule.swift */; };
		B3391CA729E7B23D00A6735B /* MessageData.swift in Sources */ = {isa = PBXBuildFile; fileRef = B3391CA429E7B23D00A6735B /* MessageData.swift */; };
		B3391CAD29E7B25100A6735B /* ScheduleTableViewCell.xib in Resources */ = {isa = PBXBuildFile; fileRef = B3391CA929E7B25100A6735B /* ScheduleTableViewCell.xib */; };
		B3391CAE29E7B25100A6735B /* ScheduleTableViewCell.swift in Sources */ = {isa = PBXBuildFile; fileRef = B3391CAA29E7B25100A6735B /* ScheduleTableViewCell.swift */; };
		B3391CAF29E7B25100A6735B /* MessageTableViewCell.swift in Sources */ = {isa = PBXBuildFile; fileRef = B3391CAB29E7B25100A6735B /* MessageTableViewCell.swift */; };
		B3391CB029E7B25100A6735B /* MessageTableViewCell.xib in Resources */ = {isa = PBXBuildFile; fileRef = B3391CAC29E7B25100A6735B /* MessageTableViewCell.xib */; };
		B3391CB929E7B25B00A6735B /* UserResistViewController.swift in Sources */ = {isa = PBXBuildFile; fileRef = B3391CB229E7B25B00A6735B /* UserResistViewController.swift */; };
		B3391CBA29E7B25B00A6735B /* ScheduleResistViewController.swift in Sources */ = {isa = PBXBuildFile; fileRef = B3391CB329E7B25B00A6735B /* ScheduleResistViewController.swift */; };
		B3391CBB29E7B25B00A6735B /* SendMessageViewController.swift in Sources */ = {isa = PBXBuildFile; fileRef = B3391CB429E7B25B00A6735B /* SendMessageViewController.swift */; };
		B3391CBC29E7B25B00A6735B /* CalendarViewController.swift in Sources */ = {isa = PBXBuildFile; fileRef = B3391CB529E7B25B00A6735B /* CalendarViewController.swift */; };
		B3391CBD29E7B25B00A6735B /* LoginViewController.swift in Sources */ = {isa = PBXBuildFile; fileRef = B3391CB629E7B25B00A6735B /* LoginViewController.swift */; };
		B3391CBE29E7B25B00A6735B /* MenuViewController.swift in Sources */ = {isa = PBXBuildFile; fileRef = B3391CB729E7B25B00A6735B /* MenuViewController.swift */; };
		B3391CBF29E7B25B00A6735B /* ReadMessageViewController.swift in Sources */ = {isa = PBXBuildFile; fileRef = B3391CB829E7B25B00A6735B /* ReadMessageViewController.swift */; };
		B3391CC129E7B26700A6735B /* GoogleService-Info.plist in Resources */ = {isa = PBXBuildFile; fileRef = B3391CC029E7B26700A6735B /* GoogleService-Info.plist */; };
/* End PBXBuildFile section */

/* Begin PBXFileReference section */
		9A54C1C7B9A6CC6F8A157FF2 /* Pods-Groupwarecopy2.debug.xcconfig */ = {isa = PBXFileReference; includeInIndex = 1; lastKnownFileType = text.xcconfig; name = "Pods-Groupwarecopy2.debug.xcconfig"; path = "Target Support Files/Pods-Groupwarecopy2/Pods-Groupwarecopy2.debug.xcconfig"; sourceTree = "<group>"; };
		AD7FF5AA6414F1501B4F3AC2 /* Pods_Groupwarecopy2.framework */ = {isa = PBXFileReference; explicitFileType = wrapper.framework; includeInIndex = 0; path = Pods_Groupwarecopy2.framework; sourceTree = BUILT_PRODUCTS_DIR; };
		B3391C8A29E7B22500A6735B /* Groupwarecopy2.app */ = {isa = PBXFileReference; explicitFileType = wrapper.application; includeInIndex = 0; path = Groupwarecopy2.app; sourceTree = BUILT_PRODUCTS_DIR; };
		B3391C8D29E7B22500A6735B /* AppDelegate.swift */ = {isa = PBXFileReference; lastKnownFileType = sourcecode.swift; path = AppDelegate.swift; sourceTree = "<group>"; };
		B3391C8F29E7B22500A6735B /* SceneDelegate.swift */ = {isa = PBXFileReference; lastKnownFileType = sourcecode.swift; path = SceneDelegate.swift; sourceTree = "<group>"; };
		B3391C9129E7B22500A6735B /* ViewController.swift */ = {isa = PBXFileReference; lastKnownFileType = sourcecode.swift; path = ViewController.swift; sourceTree = "<group>"; };
		B3391C9429E7B22500A6735B /* Base */ = {isa = PBXFileReference; lastKnownFileType = file.storyboard; name = Base; path = Base.lproj/Main.storyboard; sourceTree = "<group>"; };
		B3391C9629E7B22700A6735B /* Assets.xcassets */ = {isa = PBXFileReference; lastKnownFileType = folder.assetcatalog; path = Assets.xcassets; sourceTree = "<group>"; };
		B3391C9929E7B22700A6735B /* Base */ = {isa = PBXFileReference; lastKnownFileType = file.storyboard; name = Base; path = Base.lproj/LaunchScreen.storyboard; sourceTree = "<group>"; };
		B3391C9B29E7B22700A6735B /* Info.plist */ = {isa = PBXFileReference; lastKnownFileType = text.plist.xml; path = Info.plist; sourceTree = "<group>"; };
		B3391CA229E7B23D00A6735B /* ScheduleData.swift */ = {isa = PBXFileReference; fileEncoding = 4; lastKnownFileType = sourcecode.swift; path = ScheduleData.swift; sourceTree = "<group>"; };
		B3391CA329E7B23D00A6735B /* Schedule.swift */ = {isa = PBXFileReference; fileEncoding = 4; lastKnownFileType = sourcecode.swift; path = Schedule.swift; sourceTree = "<group>"; };
		B3391CA429E7B23D00A6735B /* MessageData.swift */ = {isa = PBXFileReference; fileEncoding = 4; lastKnownFileType = sourcecode.swift; path = MessageData.swift; sourceTree = "<group>"; };
		B3391CA929E7B25100A6735B /* ScheduleTableViewCell.xib */ = {isa = PBXFileReference; fileEncoding = 4; lastKnownFileType = file.xib; path = ScheduleTableViewCell.xib; sourceTree = "<group>"; };
		B3391CAA29E7B25100A6735B /* ScheduleTableViewCell.swift */ = {isa = PBXFileReference; fileEncoding = 4; lastKnownFileType = sourcecode.swift; path = ScheduleTableViewCell.swift; sourceTree = "<group>"; };
		B3391CAB29E7B25100A6735B /* MessageTableViewCell.swift */ = {isa = PBXFileReference; fileEncoding = 4; lastKnownFileType = sourcecode.swift; path = MessageTableViewCell.swift; sourceTree = "<group>"; };
		B3391CAC29E7B25100A6735B /* MessageTableViewCell.xib */ = {isa = PBXFileReference; fileEncoding = 4; lastKnownFileType = file.xib; path = MessageTableViewCell.xib; sourceTree = "<group>"; };
		B3391CB229E7B25B00A6735B /* UserResistViewController.swift */ = {isa = PBXFileReference; fileEncoding = 4; lastKnownFileType = sourcecode.swift; path = UserResistViewController.swift; sourceTree = "<group>"; };
		B3391CB329E7B25B00A6735B /* ScheduleResistViewController.swift */ = {isa = PBXFileReference; fileEncoding = 4; lastKnownFileType = sourcecode.swift; path = ScheduleResistViewController.swift; sourceTree = "<group>"; };
		B3391CB429E7B25B00A6735B /* SendMessageViewController.swift */ = {isa = PBXFileReference; fileEncoding = 4; lastKnownFileType = sourcecode.swift; path = SendMessageViewController.swift; sourceTree = "<group>"; };
		B3391CB529E7B25B00A6735B /* CalendarViewController.swift */ = {isa = PBXFileReference; fileEncoding = 4; lastKnownFileType = sourcecode.swift; path = CalendarViewController.swift; sourceTree = "<group>"; };
		B3391CB629E7B25B00A6735B /* LoginViewController.swift */ = {isa = PBXFileReference; fileEncoding = 4; lastKnownFileType = sourcecode.swift; path = LoginViewController.swift; sourceTree = "<group>"; };
		B3391CB729E7B25B00A6735B /* MenuViewController.swift */ = {isa = PBXFileReference; fileEncoding = 4; lastKnownFileType = sourcecode.swift; path = MenuViewController.swift; sourceTree = "<group>"; };
		B3391CB829E7B25B00A6735B /* ReadMessageViewController.swift */ = {isa = PBXFileReference; fileEncoding = 4; lastKnownFileType = sourcecode.swift; path = ReadMessageViewController.swift; sourceTree = "<group>"; };
		B3391CC029E7B26700A6735B /* GoogleService-Info.plist */ = {isa = PBXFileReference; fileEncoding = 4; lastKnownFileType = text.plist.xml; path = "GoogleService-Info.plist"; sourceTree = "<group>"; };
		E7A6EFB433BF0FB762502441 /* Pods-Groupwarecopy2.release.xcconfig */ = {isa = PBXFileReference; includeInIndex = 1; lastKnownFileType = text.xcconfig; name = "Pods-Groupwarecopy2.release.xcconfig"; path = "Target Support Files/Pods-Groupwarecopy2/Pods-Groupwarecopy2.release.xcconfig"; sourceTree = "<group>"; };
/* End PBXFileReference section */

/* Begin PBXFrameworksBuildPhase section */
		B3391C8729E7B22500A6735B /* Frameworks */ = {
			isa = PBXFrameworksBuildPhase;
			buildActionMask = 2147483647;
			files = (
				813966F0A9387437EEBBF443 /* Pods_Groupwarecopy2.framework in Frameworks */,
			);
			runOnlyForDeploymentPostprocessing = 0;
		};
/* End PBXFrameworksBuildPhase section */

/* Begin PBXGroup section */
		18D1A000F206E1E4522F9AB2 /* Pods */ = {
			isa = PBXGroup;
			children = (
				9A54C1C7B9A6CC6F8A157FF2 /* Pods-Groupwarecopy2.debug.xcconfig */,
				E7A6EFB433BF0FB762502441 /* Pods-Groupwarecopy2.release.xcconfig */,
			);
			path = Pods;
			sourceTree = "<group>";
		};
		6BA05ED1916E2612398DE28A /* Frameworks */ = {
			isa = PBXGroup;
			children = (
				AD7FF5AA6414F1501B4F3AC2 /* Pods_Groupwarecopy2.framework */,
			);
			name = Frameworks;
			sourceTree = "<group>";
		};
		B3391C8129E7B22500A6735B = {
			isa = PBXGroup;
			children = (
				B3391C8C29E7B22500A6735B /* Groupwarecopy2 */,
				B3391C8B29E7B22500A6735B /* Products */,
				18D1A000F206E1E4522F9AB2 /* Pods */,
				6BA05ED1916E2612398DE28A /* Frameworks */,
			);
			sourceTree = "<group>";
		};
		B3391C8B29E7B22500A6735B /* Products */ = {
			isa = PBXGroup;
			children = (
				B3391C8A29E7B22500A6735B /* Groupwarecopy2.app */,
			);
			name = Products;
			sourceTree = "<group>";
		};
		B3391C8C29E7B22500A6735B /* Groupwarecopy2 */ = {
			isa = PBXGroup;
			children = (
				B3391CC029E7B26700A6735B /* GoogleService-Info.plist */,
				B3391CB129E7B25B00A6735B /* ViewController */,
				B3391CA829E7B25100A6735B /* View */,
				B3391CA129E7B23D00A6735B /* Model */,
				B3391C8D29E7B22500A6735B /* AppDelegate.swift */,
				B3391C8F29E7B22500A6735B /* SceneDelegate.swift */,
				B3391C9129E7B22500A6735B /* ViewController.swift */,
				B3391C9329E7B22500A6735B /* Main.storyboard */,
				B3391C9629E7B22700A6735B /* Assets.xcassets */,
				B3391C9829E7B22700A6735B /* LaunchScreen.storyboard */,
				B3391C9B29E7B22700A6735B /* Info.plist */,
			);
			path = Groupwarecopy2;
			sourceTree = "<group>";
		};
		B3391CA129E7B23D00A6735B /* Model */ = {
			isa = PBXGroup;
			children = (
				B3391CA229E7B23D00A6735B /* ScheduleData.swift */,
				B3391CA329E7B23D00A6735B /* Schedule.swift */,
				B3391CA429E7B23D00A6735B /* MessageData.swift */,
			);
			path = Model;
			sourceTree = "<group>";
		};
		B3391CA829E7B25100A6735B /* View */ = {
			isa = PBXGroup;
			children = (
				B3391CA929E7B25100A6735B /* ScheduleTableViewCell.xib */,
				B3391CAA29E7B25100A6735B /* ScheduleTableViewCell.swift */,
				B3391CAB29E7B25100A6735B /* MessageTableViewCell.swift */,
				B3391CAC29E7B25100A6735B /* MessageTableViewCell.xib */,
			);
			path = View;
			sourceTree = "<group>";
		};
		B3391CB129E7B25B00A6735B /* ViewController */ = {
			isa = PBXGroup;
			children = (
				B3391CB229E7B25B00A6735B /* UserResistViewController.swift */,
				B3391CB329E7B25B00A6735B /* ScheduleResistViewController.swift */,
				B3391CB429E7B25B00A6735B /* SendMessageViewController.swift */,
				B3391CB529E7B25B00A6735B /* CalendarViewController.swift */,
				B3391CB629E7B25B00A6735B /* LoginViewController.swift */,
				B3391CB729E7B25B00A6735B /* MenuViewController.swift */,
				B3391CB829E7B25B00A6735B /* ReadMessageViewController.swift */,
			);
			path = ViewController;
			sourceTree = "<group>";
		};
/* End PBXGroup section */

/* Begin PBXNativeTarget section */
		B3391C8929E7B22500A6735B /* Groupwarecopy2 */ = {
			isa = PBXNativeTarget;
			buildConfigurationList = B3391C9E29E7B22700A6735B /* Build configuration list for PBXNativeTarget "Groupwarecopy2" */;
			buildPhases = (
				A1D2403866623A0B2EB969C6 /* [CP] Check Pods Manifest.lock */,
				B3391C8629E7B22500A6735B /* Sources */,
				B3391C8729E7B22500A6735B /* Frameworks */,
				B3391C8829E7B22500A6735B /* Resources */,
				4DE7304C841F7CEE66B74230 /* [CP] Embed Pods Frameworks */,
				904B42B1B3C95644C9FE6096 /* [CP] Copy Pods Resources */,
			);
			buildRules = (
			);
			dependencies = (
			);
			name = Groupwarecopy2;
			productName = Groupwarecopy2;
			productReference = B3391C8A29E7B22500A6735B /* Groupwarecopy2.app */;
			productType = "com.apple.product-type.application";
		};
/* End PBXNativeTarget section */

/* Begin PBXProject section */
		B3391C8229E7B22500A6735B /* Project object */ = {
			isa = PBXProject;
			attributes = {
				BuildIndependentTargetsInParallel = 1;
				LastSwiftUpdateCheck = 1310;
				LastUpgradeCheck = 1310;
				TargetAttributes = {
					B3391C8929E7B22500A6735B = {
						CreatedOnToolsVersion = 13.1;
					};
				};
			};
			buildConfigurationList = B3391C8529E7B22500A6735B /* Build configuration list for PBXProject "Groupwarecopy2" */;
			compatibilityVersion = "Xcode 13.0";
			developmentRegion = en;
			hasScannedForEncodings = 0;
			knownRegions = (
				en,
				Base,
			);
			mainGroup = B3391C8129E7B22500A6735B;
			productRefGroup = B3391C8B29E7B22500A6735B /* Products */;
			projectDirPath = "";
			projectRoot = "";
			targets = (
				B3391C8929E7B22500A6735B /* Groupwarecopy2 */,
			);
		};
/* End PBXProject section */

/* Begin PBXResourcesBuildPhase section */
		B3391C8829E7B22500A6735B /* Resources */ = {
			isa = PBXResourcesBuildPhase;
			buildActionMask = 2147483647;
			files = (
				B3391C9A29E7B22700A6735B /* LaunchScreen.storyboard in Resources */,
				B3391C9729E7B22700A6735B /* Assets.xcassets in Resources */,
				B3391CB029E7B25100A6735B /* MessageTableViewCell.xib in Resources */,
				B3391CAD29E7B25100A6735B /* ScheduleTableViewCell.xib in Resources */,
				B3391C9529E7B22500A6735B /* Main.storyboard in Resources */,
				B3391CC129E7B26700A6735B /* GoogleService-Info.plist in Resources */,
			);
			runOnlyForDeploymentPostprocessing = 0;
		};
/* End PBXResourcesBuildPhase section */

/* Begin PBXShellScriptBuildPhase section */
		4DE7304C841F7CEE66B74230 /* [CP] Embed Pods Frameworks */ = {
			isa = PBXShellScriptBuildPhase;
			buildActionMask = 2147483647;
			files = (
			);
			inputFileListPaths = (
				"${PODS_ROOT}/Target Support Files/Pods-Groupwarecopy2/Pods-Groupwarecopy2-frameworks-${CONFIGURATION}-input-files.xcfilelist",
			);
			name = "[CP] Embed Pods Frameworks";
			outputFileListPaths = (
				"${PODS_ROOT}/Target Support Files/Pods-Groupwarecopy2/Pods-Groupwarecopy2-frameworks-${CONFIGURATION}-output-files.xcfilelist",
			);
			runOnlyForDeploymentPostprocessing = 0;
			shellPath = /bin/sh;
			shellScript = "\"${PODS_ROOT}/Target Support Files/Pods-Groupwarecopy2/Pods-Groupwarecopy2-frameworks.sh\"\n";
			showEnvVarsInLog = 0;
		};
		904B42B1B3C95644C9FE6096 /* [CP] Copy Pods Resources */ = {
			isa = PBXShellScriptBuildPhase;
			buildActionMask = 2147483647;
			files = (
			);
			inputFileListPaths = (
				"${PODS_ROOT}/Target Support Files/Pods-Groupwarecopy2/Pods-Groupwarecopy2-resources-${CONFIGURATION}-input-files.xcfilelist",
			);
			name = "[CP] Copy Pods Resources";
			outputFileListPaths = (
				"${PODS_ROOT}/Target Support Files/Pods-Groupwarecopy2/Pods-Groupwarecopy2-resources-${CONFIGURATION}-output-files.xcfilelist",
			);
			runOnlyForDeploymentPostprocessing = 0;
			shellPath = /bin/sh;
			shellScript = "\"${PODS_ROOT}/Target Support Files/Pods-Groupwarecopy2/Pods-Groupwarecopy2-resources.sh\"\n";
			showEnvVarsInLog = 0;
		};
		A1D2403866623A0B2EB969C6 /* [CP] Check Pods Manifest.lock */ = {
			isa = PBXShellScriptBuildPhase;
			buildActionMask = 2147483647;
			files = (
			);
			inputFileListPaths = (
			);
			inputPaths = (
				"${PODS_PODFILE_DIR_PATH}/Podfile.lock",
				"${PODS_ROOT}/Manifest.lock",
			);
			name = "[CP] Check Pods Manifest.lock";
			outputFileListPaths = (
			);
			outputPaths = (
				"$(DERIVED_FILE_DIR)/Pods-Groupwarecopy2-checkManifestLockResult.txt",
			);
			runOnlyForDeploymentPostprocessing = 0;
			shellPath = /bin/sh;
			shellScript = "diff \"${PODS_PODFILE_DIR_PATH}/Podfile.lock\" \"${PODS_ROOT}/Manifest.lock\" > /dev/null\nif [ $? != 0 ] ; then\n    # print error to STDERR\n    echo \"error: The sandbox is not in sync with the Podfile.lock. Run 'pod install' or update your CocoaPods installation.\" >&2\n    exit 1\nfi\n# This output is used by Xcode 'outputs' to avoid re-running this script phase.\necho \"SUCCESS\" > \"${SCRIPT_OUTPUT_FILE_0}\"\n";
			showEnvVarsInLog = 0;
		};
/* End PBXShellScriptBuildPhase section */

/* Begin PBXSourcesBuildPhase section */
		B3391C8629E7B22500A6735B /* Sources */ = {
			isa = PBXSourcesBuildPhase;
			buildActionMask = 2147483647;
			files = (
				B3391CBC29E7B25B00A6735B /* CalendarViewController.swift in Sources */,
				B3391CA529E7B23D00A6735B /* ScheduleData.swift in Sources */,
				B3391CAE29E7B25100A6735B /* ScheduleTableViewCell.swift in Sources */,
				B3391CBE29E7B25B00A6735B /* MenuViewController.swift in Sources */,
				B3391CBB29E7B25B00A6735B /* SendMessageViewController.swift in Sources */,
				B3391CA729E7B23D00A6735B /* MessageData.swift in Sources */,
				B3391C9229E7B22500A6735B /* ViewController.swift in Sources */,
				B3391C8E29E7B22500A6735B /* AppDelegate.swift in Sources */,
				B3391CBF29E7B25B00A6735B /* ReadMessageViewController.swift in Sources */,
				B3391CAF29E7B25100A6735B /* MessageTableViewCell.swift in Sources */,
				B3391CA629E7B23D00A6735B /* Schedule.swift in Sources */,
				B3391CBA29E7B25B00A6735B /* ScheduleResistViewController.swift in Sources */,
				B3391C9029E7B22500A6735B /* SceneDelegate.swift in Sources */,
				B3391CBD29E7B25B00A6735B /* LoginViewController.swift in Sources */,
				B3391CB929E7B25B00A6735B /* UserResistViewController.swift in Sources */,
			);
			runOnlyForDeploymentPostprocessing = 0;
		};
/* End PBXSourcesBuildPhase section */

/* Begin PBXVariantGroup section */
		B3391C9329E7B22500A6735B /* Main.storyboard */ = {
			isa = PBXVariantGroup;
			children = (
				B3391C9429E7B22500A6735B /* Base */,
			);
			name = Main.storyboard;
			sourceTree = "<group>";
		};
		B3391C9829E7B22700A6735B /* LaunchScreen.storyboard */ = {
			isa = PBXVariantGroup;
			children = (
				B3391C9929E7B22700A6735B /* Base */,
			);
			name = LaunchScreen.storyboard;
			sourceTree = "<group>";
		};
/* End PBXVariantGroup section */

/* Begin XCBuildConfiguration section */
		B3391C9C29E7B22700A6735B /* Debug */ = {
			isa = XCBuildConfiguration;
			buildSettings = {
				ALWAYS_SEARCH_USER_PATHS = NO;
				CLANG_ANALYZER_NONNULL = YES;
				CLANG_ANALYZER_NUMBER_OBJECT_CONVERSION = YES_AGGRESSIVE;
				CLANG_CXX_LANGUAGE_STANDARD = "gnu++17";
				CLANG_CXX_LIBRARY = "libc++";
				CLANG_ENABLE_MODULES = YES;
				CLANG_ENABLE_OBJC_ARC = YES;
				CLANG_ENABLE_OBJC_WEAK = YES;
				CLANG_WARN_BLOCK_CAPTURE_AUTORELEASING = YES;
				CLANG_WARN_BOOL_CONVERSION = YES;
				CLANG_WARN_COMMA = YES;
				CLANG_WARN_CONSTANT_CONVERSION = YES;
				CLANG_WARN_DEPRECATED_OBJC_IMPLEMENTATIONS = YES;
				CLANG_WARN_DIRECT_OBJC_ISA_USAGE = YES_ERROR;
				CLANG_WARN_DOCUMENTATION_COMMENTS = YES;
				CLANG_WARN_EMPTY_BODY = YES;
				CLANG_WARN_ENUM_CONVERSION = YES;
				CLANG_WARN_INFINITE_RECURSION = YES;
				CLANG_WARN_INT_CONVERSION = YES;
				CLANG_WARN_NON_LITERAL_NULL_CONVERSION = YES;
				CLANG_WARN_OBJC_IMPLICIT_RETAIN_SELF = YES;
				CLANG_WARN_OBJC_LITERAL_CONVERSION = YES;
				CLANG_WARN_OBJC_ROOT_CLASS = YES_ERROR;
				CLANG_WARN_QUOTED_INCLUDE_IN_FRAMEWORK_HEADER = YES;
				CLANG_WARN_RANGE_LOOP_ANALYSIS = YES;
				CLANG_WARN_STRICT_PROTOTYPES = YES;
				CLANG_WARN_SUSPICIOUS_MOVE = YES;
				CLANG_WARN_UNGUARDED_AVAILABILITY = YES_AGGRESSIVE;
				CLANG_WARN_UNREACHABLE_CODE = YES;
				CLANG_WARN__DUPLICATE_METHOD_MATCH = YES;
				COPY_PHASE_STRIP = NO;
				DEBUG_INFORMATION_FORMAT = dwarf;
				ENABLE_STRICT_OBJC_MSGSEND = YES;
				ENABLE_TESTABILITY = YES;
				GCC_C_LANGUAGE_STANDARD = gnu11;
				GCC_DYNAMIC_NO_PIC = NO;
				GCC_NO_COMMON_BLOCKS = YES;
				GCC_OPTIMIZATION_LEVEL = 0;
				GCC_PREPROCESSOR_DEFINITIONS = (
					"DEBUG=1",
					"$(inherited)",
				);
				GCC_WARN_64_TO_32_BIT_CONVERSION = YES;
				GCC_WARN_ABOUT_RETURN_TYPE = YES_ERROR;
				GCC_WARN_UNDECLARED_SELECTOR = YES;
				GCC_WARN_UNINITIALIZED_AUTOS = YES_AGGRESSIVE;
				GCC_WARN_UNUSED_FUNCTION = YES;
				GCC_WARN_UNUSED_VARIABLE = YES;
				IPHONEOS_DEPLOYMENT_TARGET = 15.0;
				MTL_ENABLE_DEBUG_INFO = INCLUDE_SOURCE;
				MTL_FAST_MATH = YES;
				ONLY_ACTIVE_ARCH = YES;
				SDKROOT = iphoneos;
				SWIFT_ACTIVE_COMPILATION_CONDITIONS = DEBUG;
				SWIFT_OPTIMIZATION_LEVEL = "-Onone";
			};
			name = Debug;
		};
		B3391C9D29E7B22700A6735B /* Release */ = {
			isa = XCBuildConfiguration;
			buildSettings = {
				ALWAYS_SEARCH_USER_PATHS = NO;
				CLANG_ANALYZER_NONNULL = YES;
				CLANG_ANALYZER_NUMBER_OBJECT_CONVERSION = YES_AGGRESSIVE;
				CLANG_CXX_LANGUAGE_STANDARD = "gnu++17";
				CLANG_CXX_LIBRARY = "libc++";
				CLANG_ENABLE_MODULES = YES;
				CLANG_ENABLE_OBJC_ARC = YES;
				CLANG_ENABLE_OBJC_WEAK = YES;
				CLANG_WARN_BLOCK_CAPTURE_AUTORELEASING = YES;
				CLANG_WARN_BOOL_CONVERSION = YES;
				CLANG_WARN_COMMA = YES;
				CLANG_WARN_CONSTANT_CONVERSION = YES;
				CLANG_WARN_DEPRECATED_OBJC_IMPLEMENTATIONS = YES;
				CLANG_WARN_DIRECT_OBJC_ISA_USAGE = YES_ERROR;
				CLANG_WARN_DOCUMENTATION_COMMENTS = YES;
				CLANG_WARN_EMPTY_BODY = YES;
				CLANG_WARN_ENUM_CONVERSION = YES;
				CLANG_WARN_INFINITE_RECURSION = YES;
				CLANG_WARN_INT_CONVERSION = YES;
				CLANG_WARN_NON_LITERAL_NULL_CONVERSION = YES;
				CLANG_WARN_OBJC_IMPLICIT_RETAIN_SELF = YES;
				CLANG_WARN_OBJC_LITERAL_CONVERSION = YES;
				CLANG_WARN_OBJC_ROOT_CLASS = YES_ERROR;
				CLANG_WARN_QUOTED_INCLUDE_IN_FRAMEWORK_HEADER = YES;
				CLANG_WARN_RANGE_LOOP_ANALYSIS = YES;
				CLANG_WARN_STRICT_PROTOTYPES = YES;
				CLANG_WARN_SUSPICIOUS_MOVE = YES;
				CLANG_WARN_UNGUARDED_AVAILABILITY = YES_AGGRESSIVE;
				CLANG_WARN_UNREACHABLE_CODE = YES;
				CLANG_WARN__DUPLICATE_METHOD_MATCH = YES;
				COPY_PHASE_STRIP = NO;
				DEBUG_INFORMATION_FORMAT = "dwarf-with-dsym";
				ENABLE_NS_ASSERTIONS = NO;
				ENABLE_STRICT_OBJC_MSGSEND = YES;
				GCC_C_LANGUAGE_STANDARD = gnu11;
				GCC_NO_COMMON_BLOCKS = YES;
				GCC_WARN_64_TO_32_BIT_CONVERSION = YES;
				GCC_WARN_ABOUT_RETURN_TYPE = YES_ERROR;
				GCC_WARN_UNDECLARED_SELECTOR = YES;
				GCC_WARN_UNINITIALIZED_AUTOS = YES_AGGRESSIVE;
				GCC_WARN_UNUSED_FUNCTION = YES;
				GCC_WARN_UNUSED_VARIABLE = YES;
				IPHONEOS_DEPLOYMENT_TARGET = 15.0;
				MTL_ENABLE_DEBUG_INFO = NO;
				MTL_FAST_MATH = YES;
				SDKROOT = iphoneos;
				SWIFT_COMPILATION_MODE = wholemodule;
				SWIFT_OPTIMIZATION_LEVEL = "-O";
				VALIDATE_PRODUCT = YES;
			};
			name = Release;
		};
		B3391C9F29E7B22700A6735B /* Debug */ = {
			isa = XCBuildConfiguration;
			baseConfigurationReference = 9A54C1C7B9A6CC6F8A157FF2 /* Pods-Groupwarecopy2.debug.xcconfig */;
			buildSettings = {
				ASSETCATALOG_COMPILER_APPICON_NAME = AppIcon;
				ASSETCATALOG_COMPILER_GLOBAL_ACCENT_COLOR_NAME = AccentColor;
				CODE_SIGN_STYLE = Automatic;
				CURRENT_PROJECT_VERSION = 1;
				DEVELOPMENT_TEAM = TFLYK7J848;
				GENERATE_INFOPLIST_FILE = YES;
				INFOPLIST_FILE = Groupwarecopy2/Info.plist;
				INFOPLIST_KEY_UIApplicationSupportsIndirectInputEvents = YES;
				INFOPLIST_KEY_UILaunchStoryboardName = LaunchScreen;
				INFOPLIST_KEY_UIMainStoryboardFile = Main;
				INFOPLIST_KEY_UISupportedInterfaceOrientations_iPad = "UIInterfaceOrientationPortrait UIInterfaceOrientationPortraitUpsideDown UIInterfaceOrientationLandscapeLeft UIInterfaceOrientationLandscapeRight";
				INFOPLIST_KEY_UISupportedInterfaceOrientations_iPhone = "UIInterfaceOrientationPortrait UIInterfaceOrientationLandscapeLeft UIInterfaceOrientationLandscapeRight";
				LD_RUNPATH_SEARCH_PATHS = (
					"$(inherited)",
					"@executable_path/Frameworks",
				);
				MARKETING_VERSION = 1.0;
				PRODUCT_BUNDLE_IDENTIFIER = jp.techacademy.tooru.kawasaki.Groupwarecopy2;
				PRODUCT_NAME = "$(TARGET_NAME)";
				SWIFT_EMIT_LOC_STRINGS = YES;
				SWIFT_VERSION = 5.0;
				TARGETED_DEVICE_FAMILY = "1,2";
			};
			name = Debug;
		};
		B3391CA029E7B22700A6735B /* Release */ = {
			isa = XCBuildConfiguration;
			baseConfigurationReference = E7A6EFB433BF0FB762502441 /* Pods-Groupwarecopy2.release.xcconfig */;
			buildSettings = {
				ASSETCATALOG_COMPILER_APPICON_NAME = AppIcon;
				ASSETCATALOG_COMPILER_GLOBAL_ACCENT_COLOR_NAME = AccentColor;
				CODE_SIGN_STYLE = Automatic;
				CURRENT_PROJECT_VERSION = 1;
				DEVELOPMENT_TEAM = TFLYK7J848;
				GENERATE_INFOPLIST_FILE = YES;
				INFOPLIST_FILE = Groupwarecopy2/Info.plist;
				INFOPLIST_KEY_UIApplicationSupportsIndirectInputEvents = YES;
				INFOPLIST_KEY_UILaunchStoryboardName = LaunchScreen;
				INFOPLIST_KEY_UIMainStoryboardFile = Main;
				INFOPLIST_KEY_UISupportedInterfaceOrientations_iPad = "UIInterfaceOrientationPortrait UIInterfaceOrientationPortraitUpsideDown UIInterfaceOrientationLandscapeLeft UIInterfaceOrientationLandscapeRight";
				INFOPLIST_KEY_UISupportedInterfaceOrientations_iPhone = "UIInterfaceOrientationPortrait UIInterfaceOrientationLandscapeLeft UIInterfaceOrientationLandscapeRight";
				LD_RUNPATH_SEARCH_PATHS = (
					"$(inherited)",
					"@executable_path/Frameworks",
				);
				MARKETING_VERSION = 1.0;
				PRODUCT_BUNDLE_IDENTIFIER = jp.techacademy.tooru.kawasaki.Groupwarecopy2;
				PRODUCT_NAME = "$(TARGET_NAME)";
				SWIFT_EMIT_LOC_STRINGS = YES;
				SWIFT_VERSION = 5.0;
				TARGETED_DEVICE_FAMILY = "1,2";
			};
			name = Release;
		};
/* End XCBuildConfiguration section */

/* Begin XCConfigurationList section */
		B3391C8529E7B22500A6735B /* Build configuration list for PBXProject "Groupwarecopy2" */ = {
			isa = XCConfigurationList;
			buildConfigurations = (
				B3391C9C29E7B22700A6735B /* Debug */,
				B3391C9D29E7B22700A6735B /* Release */,
			);
			defaultConfigurationIsVisible = 0;
			defaultConfigurationName = Release;
		};
		B3391C9E29E7B22700A6735B /* Build configuration list for PBXNativeTarget "Groupwarecopy2" */ = {
			isa = XCConfigurationList;
			buildConfigurations = (
				B3391C9F29E7B22700A6735B /* Debug */,
				B3391CA029E7B22700A6735B /* Release */,
			);
			defaultConfigurationIsVisible = 0;
			defaultConfigurationName = Release;
		};
/* End XCConfigurationList section */
	};
	rootObject = B3391C8229E7B22500A6735B /* Project object */;
}
